
Microsoft Visual Studio Solution File, Format Version 12.00
# Visual Studio 14
VisualStudioVersion = 14.0.23107.0
MinimumVisualStudioVersion = 10.0.40219.1
Project("{FAE04EC0-301F-11D3-BF4B-00C04F79EFBC}") = "IneqWebApp", "IneqWebApp\IneqWebApp.csproj", "{6CD1ACF1-A8E7-4361-B491-127FA7D40526}"
EndProject
Project("{FAE04EC0-301F-11D3-BF4B-00C04F79EFBC}") = "IneqApi", "IneqApi\IneqApi.csproj", "{606444EB-A239-4535-9F2B-5744D29EEF0C}"
EndProject
Project("{2150E333-8FDC-42A3-9474-1A3956D46DE8}") = "PHP Casos de Uso", "PHP Casos de Uso", "{F965B0D7-539B-4175-86FF-8EF7B41D0638}"
EndProject
Project("{2150E333-8FDC-42A3-9474-1A3956D46DE8}") = "Script MySQL", "Script MySQL", "{71BB0B30-A78B-4A7B-8050-63B2E387BD67}"
EndProject
Global
	GlobalSection(SolutionConfigurationPlatforms) = preSolution
		Debug|Any CPU = Debug|Any CPU
		Release|Any CPU = Release|Any CPU
	EndGlobalSection
	GlobalSection(ProjectConfigurationPlatforms) = postSolution
		{6CD1ACF1-A8E7-4361-B491-127FA7D40526}.Debug|Any CPU.ActiveCfg = Debug|Any CPU
		{6CD1ACF1-A8E7-4361-B491-127FA7D40526}.Debug|Any CPU.Build.0 = Debug|Any CPU
		{6CD1ACF1-A8E7-4361-B491-127FA7D40526}.Release|Any CPU.ActiveCfg = Release|Any CPU
		{6CD1ACF1-A8E7-4361-B491-127FA7D40526}.Release|Any CPU.Build.0 = Release|Any CPU
		{606444EB-A239-4535-9F2B-5744D29EEF0C}.Debug|Any CPU.ActiveCfg = Debug|Any CPU
		{606444EB-A239-4535-9F2B-5744D29EEF0C}.Debug|Any CPU.Build.0 = Debug|Any CPU
		{606444EB-A239-4535-9F2B-5744D29EEF0C}.Release|Any CPU.ActiveCfg = Release|Any CPU
		{606444EB-A239-4535-9F2B-5744D29EEF0C}.Release|Any CPU.Build.0 = Release|Any CPU
	EndGlobalSection
	GlobalSection(SolutionProperties) = preSolution
		HideSolutionNode = FALSE
	EndGlobalSection
EndGlobal
